
Microsoft Visual Studio Solution File, Format Version 12.00
# Visual Studio Version 17
VisualStudioVersion = 17.10.35027.167
MinimumVisualStudioVersion = 10.0.40219.1
Project("{FAE04EC0-301F-11D3-BF4B-00C04F79EFBC}") = "MxFace.Iris.SDK.Sample.Net", "MxFace.Iris.SDK.Sample.Net\MxFace.Iris.SDK.Sample.Net.csproj", "{76EAC636-75D1-4B70-903D-4BCEB4A0D7E3}"
EndProject
Global
	GlobalSection(SolutionConfigurationPlatforms) = preSolution
		Debug|Any CPU = Debug|Any CPU
		Release|Any CPU = Release|Any CPU
	EndGlobalSection
	GlobalSection(ProjectConfigurationPlatforms) = postSolution
		{76EAC636-75D1-4B70-903D-4BCEB4A0D7E3}.Debug|Any CPU.ActiveCfg = Debug|Any CPU
		{76EAC636-75D1-4B70-903D-4BCEB4A0D7E3}.Debug|Any CPU.Build.0 = Debug|Any CPU
		{76EAC636-75D1-4B70-903D-4BCEB4A0D7E3}.Release|Any CPU.ActiveCfg = Release|Any CPU
		{76EAC636-75D1-4B70-903D-4BCEB4A0D7E3}.Release|Any CPU.Build.0 = Release|Any CPU
	EndGlobalSection
	GlobalSection(SolutionProperties) = preSolution
		HideSolutionNode = FALSE
	EndGlobalSection
	GlobalSection(ExtensibilityGlobals) = postSolution
		SolutionGuid = {E33B93F4-5495-4F97-B7A6-A50CADA0878D}
	EndGlobalSection
EndGlobal
